
Microsoft Visual Studio Solution File, Format Version 12.00
# Visual Studio 15
VisualStudioVersion = 15.0.28010.2003
MinimumVisualStudioVersion = 10.0.40219.1
Project("{FAE04EC0-301F-11D3-BF4B-00C04F79EFBC}") = "OrderManagementApplication", "OrderManagementApplication\OrderManagementApplication.csproj", "{23553B7C-95FA-40AA-89EC-7F3CBBB0B8BB}"
EndProject
Global
	GlobalSection(SolutionConfigurationPlatforms) = preSolution
		Debug|Any CPU = Debug|Any CPU
		Release|Any CPU = Release|Any CPU
	EndGlobalSection
	GlobalSection(ProjectConfigurationPlatforms) = postSolution
		{23553B7C-95FA-40AA-89EC-7F3CBBB0B8BB}.Debug|Any CPU.ActiveCfg = Debug|Any CPU
		{23553B7C-95FA-40AA-89EC-7F3CBBB0B8BB}.Debug|Any CPU.Build.0 = Debug|Any CPU
		{23553B7C-95FA-40AA-89EC-7F3CBBB0B8BB}.Release|Any CPU.ActiveCfg = Release|Any CPU
		{23553B7C-95FA-40AA-89EC-7F3CBBB0B8BB}.Release|Any CPU.Build.0 = Release|Any CPU
	EndGlobalSection
	GlobalSection(SolutionProperties) = preSolution
		HideSolutionNode = FALSE
	EndGlobalSection
	GlobalSection(ExtensibilityGlobals) = postSolution
		SolutionGuid = {EA5BE108-8958-49D0-A9F0-ED2CE2985CB3}
	EndGlobalSection
EndGlobal
